
Microsoft Visual Studio Solution File, Format Version 12.00
# Visual Studio Version 17
VisualStudioVersion = 17.0.31912.275
MinimumVisualStudioVersion = 10.0.40219.1
Project("{FAE04EC0-301F-11D3-BF4B-00C04F79EFBC}") = "LinksLists", "LinksLists\LinksLists.csproj", "{FF1D72C9-2AD0-45B8-9B99-EF12F2D64A71}"
EndProject
Global
	GlobalSection(SolutionConfigurationPlatforms) = preSolution
		Debug|Any CPU = Debug|Any CPU
		Release|Any CPU = Release|Any CPU
	EndGlobalSection
	GlobalSection(ProjectConfigurationPlatforms) = postSolution
		{FF1D72C9-2AD0-45B8-9B99-EF12F2D64A71}.Debug|Any CPU.ActiveCfg = Debug|Any CPU
		{FF1D72C9-2AD0-45B8-9B99-EF12F2D64A71}.Debug|Any CPU.Build.0 = Debug|Any CPU
		{FF1D72C9-2AD0-45B8-9B99-EF12F2D64A71}.Release|Any CPU.ActiveCfg = Release|Any CPU
		{FF1D72C9-2AD0-45B8-9B99-EF12F2D64A71}.Release|Any CPU.Build.0 = Release|Any CPU
	EndGlobalSection
	GlobalSection(SolutionProperties) = preSolution
		HideSolutionNode = FALSE
	EndGlobalSection
	GlobalSection(ExtensibilityGlobals) = postSolution
		SolutionGuid = {A2F9DBE8-BDE2-46C8-A0D4-33155EF1E77A}
	EndGlobalSection
EndGlobal
